
Microsoft Visual Studio Solution File, Format Version 12.00
# Visual Studio Version 17
VisualStudioVersion = 17.3.32819.101
MinimumVisualStudioVersion = 10.0.40219.1
Project("{FAE04EC0-301F-11D3-BF4B-00C04F79EFBC}") = "Assignment3", "Assignment3.csproj", "{07D29C3D-0B5C-4E47-8D01-177B6C7C000F}"
EndProject
Global
	GlobalSection(SolutionConfigurationPlatforms) = preSolution
		Debug|Any CPU = Debug|Any CPU
		Release|Any CPU = Release|Any CPU
	EndGlobalSection
	GlobalSection(ProjectConfigurationPlatforms) = postSolution
		{07D29C3D-0B5C-4E47-8D01-177B6C7C000F}.Debug|Any CPU.ActiveCfg = Debug|Any CPU
		{07D29C3D-0B5C-4E47-8D01-177B6C7C000F}.Debug|Any CPU.Build.0 = Debug|Any CPU
		{07D29C3D-0B5C-4E47-8D01-177B6C7C000F}.Release|Any CPU.ActiveCfg = Release|Any CPU
		{07D29C3D-0B5C-4E47-8D01-177B6C7C000F}.Release|Any CPU.Build.0 = Release|Any CPU
	EndGlobalSection
	GlobalSection(SolutionProperties) = preSolution
		HideSolutionNode = FALSE
	EndGlobalSection
	GlobalSection(ExtensibilityGlobals) = postSolution
		SolutionGuid = {FAB5A941-CC30-4D7E-BCAF-EC9853C2F670}
	EndGlobalSection
EndGlobal
